
Microsoft Visual Studio Solution File, Format Version 12.00
# Visual Studio 14
VisualStudioVersion = 14.0.25420.1
MinimumVisualStudioVersion = 10.0.40219.1
Project("{FAE04EC0-301F-11D3-BF4B-00C04F79EFBC}") = "UnitTest.AddIn", "UnitTest.AddIn\UnitTest.AddIn.csproj", "{1F5B187F-05AA-445C-AA80-155831B0506F}"
	ProjectSection(ProjectDependencies) = postProject
		{936BC41F-F0E1-43DA-B948-2CD884174113} = {936BC41F-F0E1-43DA-B948-2CD884174113}
		{5EB85E91-4E2B-4251-9E9D-D0C6E81D7040} = {5EB85E91-4E2B-4251-9E9D-D0C6E81D7040}
	EndProjectSection
EndProject
Project("{FAE04EC0-301F-11D3-BF4B-00C04F79EFBC}") = "HelloWorld.AddIn", "HelloWorld.AddIn\HelloWorld.AddIn.csproj", "{A415C9E9-7199-42F7-941D-BBA0917066F8}"
	ProjectSection(ProjectDependencies) = postProject
		{936BC41F-F0E1-43DA-B948-2CD884174113} = {936BC41F-F0E1-43DA-B948-2CD884174113}
		{5EB85E91-4E2B-4251-9E9D-D0C6E81D7040} = {5EB85E91-4E2B-4251-9E9D-D0C6E81D7040}
	EndProjectSection
EndProject
Project("{FAE04EC0-301F-11D3-BF4B-00C04F79EFBC}") = "Sample.UI", "Sample.UI\Sample.UI.csproj", "{A68F617F-595E-4FC4-96AC-93A36CCB3A4C}"
EndProject
Project("{FAE04EC0-301F-11D3-BF4B-00C04F79EFBC}") = "Sample.AddIn", "Sample.AddIn\Sample.AddIn.csproj", "{E18B683F-B255-4B63-A627-A85429650F73}"
	ProjectSection(ProjectDependencies) = postProject
		{936BC41F-F0E1-43DA-B948-2CD884174113} = {936BC41F-F0E1-43DA-B948-2CD884174113}
		{5EB85E91-4E2B-4251-9E9D-D0C6E81D7040} = {5EB85E91-4E2B-4251-9E9D-D0C6E81D7040}
	EndProjectSection
EndProject
Project("{FAE04EC0-301F-11D3-BF4B-00C04F79EFBC}") = "UnitTest.Host", "UnitTest.Host\UnitTest.Host.csproj", "{F0926EAB-40F8-4C6C-BE51-0364F14153E9}"
EndProject
Project("{FAE04EC0-301F-11D3-BF4B-00C04F79EFBC}") = "UnitTest.Test", "UnitTest.Test\UnitTest.Test.csproj", "{29683531-5E1B-4267-B187-81FDDFBF9816}"
EndProject
Project("{FAE04EC0-301F-11D3-BF4B-00C04F79EFBC}") = "HelloWorld.ComAddInClient", "HelloWorld.ComAddInClient\HelloWorld.ComAddInClient.csproj", "{0865349F-EE95-46FE-ADF0-1D94A663CACC}"
	ProjectSection(ProjectDependencies) = postProject
		{2EFAE91C-B9BB-488D-BDD0-CCC5D339C811} = {2EFAE91C-B9BB-488D-BDD0-CCC5D339C811}
		{936BC41F-F0E1-43DA-B948-2CD884174113} = {936BC41F-F0E1-43DA-B948-2CD884174113}
		{5EB85E91-4E2B-4251-9E9D-D0C6E81D7040} = {5EB85E91-4E2B-4251-9E9D-D0C6E81D7040}
	EndProjectSection
EndProject
Project("{FAE04EC0-301F-11D3-BF4B-00C04F79EFBC}") = "Sample.ComAddInClient", "Sample.ComAddInClient\Sample.ComAddInClient.csproj", "{A44C7D3B-8E01-443A-BA0B-DDED9FC7453B}"
	ProjectSection(ProjectDependencies) = postProject
		{2EFAE91C-B9BB-488D-BDD0-CCC5D339C811} = {2EFAE91C-B9BB-488D-BDD0-CCC5D339C811}
		{936BC41F-F0E1-43DA-B948-2CD884174113} = {936BC41F-F0E1-43DA-B948-2CD884174113}
		{5EB85E91-4E2B-4251-9E9D-D0C6E81D7040} = {5EB85E91-4E2B-4251-9E9D-D0C6E81D7040}
	EndProjectSection
EndProject
Project("{FAE04EC0-301F-11D3-BF4B-00C04F79EFBC}") = "UnitTest.ComAddIn", "UnitTest.ComAddIn\UnitTest.ComAddIn.csproj", "{155A8CB5-3334-477F-9199-997C1A257E44}"
	ProjectSection(ProjectDependencies) = postProject
		{2EFAE91C-B9BB-488D-BDD0-CCC5D339C811} = {2EFAE91C-B9BB-488D-BDD0-CCC5D339C811}
		{936BC41F-F0E1-43DA-B948-2CD884174113} = {936BC41F-F0E1-43DA-B948-2CD884174113}
		{5EB85E91-4E2B-4251-9E9D-D0C6E81D7040} = {5EB85E91-4E2B-4251-9E9D-D0C6E81D7040}
	EndProjectSection
EndProject
Project("{FAE04EC0-301F-11D3-BF4B-00C04F79EFBC}") = "Com.AddIn", "Com.AddIn\Com.AddIn.csproj", "{2EFAE91C-B9BB-488D-BDD0-CCC5D339C811}"
	ProjectSection(ProjectDependencies) = postProject
		{936BC41F-F0E1-43DA-B948-2CD884174113} = {936BC41F-F0E1-43DA-B948-2CD884174113}
		{5EB85E91-4E2B-4251-9E9D-D0C6E81D7040} = {5EB85E91-4E2B-4251-9E9D-D0C6E81D7040}
	EndProjectSection
EndProject
Project("{2150E333-8FDC-42A3-9474-1A3956D46DE8}") = "Tools", "Tools", "{1F735136-8CDC-44A3-B8FF-5FA0E45DDD3B}"
EndProject
Project("{FAE04EC0-301F-11D3-BF4B-00C04F79EFBC}") = "AddinRegistration", "Tools\AddinRegistration\AddinRegistration.csproj", "{936BC41F-F0E1-43DA-B948-2CD884174113}"
EndProject
Project("{FAE04EC0-301F-11D3-BF4B-00C04F79EFBC}") = "ComAddInRegistration", "Tools\ComAddInRegistration\ComAddInRegistration.csproj", "{5EB85E91-4E2B-4251-9E9D-D0C6E81D7040}"
EndProject
Project("{2150E333-8FDC-42A3-9474-1A3956D46DE8}") = "Commons", "Commons", "{86D3CFB6-AF0A-42D0-ADC9-166DE6A2515A}"
EndProject
Project("{FAE04EC0-301F-11D3-BF4B-00C04F79EFBC}") = "WKCA.AddIn", "Commons\WKCA.AddIn\WKCA.AddIn.csproj", "{D4FCDA95-0FA5-40DB-8065-82EAA21BEB79}"
EndProject
Project("{FAE04EC0-301F-11D3-BF4B-00C04F79EFBC}") = "WKCA.Com.Utils", "Commons\WKCA.Com.Utils\WKCA.Com.Utils.csproj", "{E0A6D7AA-4F70-4E1B-B1F8-BFA3D15DB925}"
EndProject
Global
	GlobalSection(SolutionConfigurationPlatforms) = preSolution
		Debug|x86 = Debug|x86
		Dev|x86 = Dev|x86
		Prod|x86 = Prod|x86
		Stg|x86 = Stg|x86
	EndGlobalSection
	GlobalSection(ProjectConfigurationPlatforms) = postSolution
		{1F5B187F-05AA-445C-AA80-155831B0506F}.Debug|x86.ActiveCfg = Dev|x86
		{1F5B187F-05AA-445C-AA80-155831B0506F}.Debug|x86.Build.0 = Dev|x86
		{1F5B187F-05AA-445C-AA80-155831B0506F}.Dev|x86.ActiveCfg = Dev|x86
		{1F5B187F-05AA-445C-AA80-155831B0506F}.Dev|x86.Build.0 = Dev|x86
		{1F5B187F-05AA-445C-AA80-155831B0506F}.Prod|x86.ActiveCfg = Prod|x86
		{1F5B187F-05AA-445C-AA80-155831B0506F}.Prod|x86.Build.0 = Prod|x86
		{1F5B187F-05AA-445C-AA80-155831B0506F}.Stg|x86.ActiveCfg = Stg|x86
		{1F5B187F-05AA-445C-AA80-155831B0506F}.Stg|x86.Build.0 = Stg|x86
		{A415C9E9-7199-42F7-941D-BBA0917066F8}.Debug|x86.ActiveCfg = Dev|x86
		{A415C9E9-7199-42F7-941D-BBA0917066F8}.Debug|x86.Build.0 = Dev|x86
		{A415C9E9-7199-42F7-941D-BBA0917066F8}.Dev|x86.ActiveCfg = Dev|x86
		{A415C9E9-7199-42F7-941D-BBA0917066F8}.Dev|x86.Build.0 = Dev|x86
		{A415C9E9-7199-42F7-941D-BBA0917066F8}.Prod|x86.ActiveCfg = Prod|x86
		{A415C9E9-7199-42F7-941D-BBA0917066F8}.Prod|x86.Build.0 = Prod|x86
		{A415C9E9-7199-42F7-941D-BBA0917066F8}.Stg|x86.ActiveCfg = Stg|x86
		{A415C9E9-7199-42F7-941D-BBA0917066F8}.Stg|x86.Build.0 = Stg|x86
		{A68F617F-595E-4FC4-96AC-93A36CCB3A4C}.Debug|x86.ActiveCfg = Dev|x86
		{A68F617F-595E-4FC4-96AC-93A36CCB3A4C}.Debug|x86.Build.0 = Dev|x86
		{A68F617F-595E-4FC4-96AC-93A36CCB3A4C}.Dev|x86.ActiveCfg = Dev|x86
		{A68F617F-595E-4FC4-96AC-93A36CCB3A4C}.Dev|x86.Build.0 = Dev|x86
		{A68F617F-595E-4FC4-96AC-93A36CCB3A4C}.Prod|x86.ActiveCfg = Prod|x86
		{A68F617F-595E-4FC4-96AC-93A36CCB3A4C}.Prod|x86.Build.0 = Prod|x86
		{A68F617F-595E-4FC4-96AC-93A36CCB3A4C}.Stg|x86.ActiveCfg = Stg|x86
		{A68F617F-595E-4FC4-96AC-93A36CCB3A4C}.Stg|x86.Build.0 = Stg|x86
		{E18B683F-B255-4B63-A627-A85429650F73}.Debug|x86.ActiveCfg = Dev|x86
		{E18B683F-B255-4B63-A627-A85429650F73}.Debug|x86.Build.0 = Dev|x86
		{E18B683F-B255-4B63-A627-A85429650F73}.Dev|x86.ActiveCfg = Dev|x86
		{E18B683F-B255-4B63-A627-A85429650F73}.Dev|x86.Build.0 = Dev|x86
		{E18B683F-B255-4B63-A627-A85429650F73}.Prod|x86.ActiveCfg = Prod|x86
		{E18B683F-B255-4B63-A627-A85429650F73}.Prod|x86.Build.0 = Prod|x86
		{E18B683F-B255-4B63-A627-A85429650F73}.Stg|x86.ActiveCfg = Stg|x86
		{E18B683F-B255-4B63-A627-A85429650F73}.Stg|x86.Build.0 = Stg|x86
		{F0926EAB-40F8-4C6C-BE51-0364F14153E9}.Debug|x86.ActiveCfg = Dev|x86
		{F0926EAB-40F8-4C6C-BE51-0364F14153E9}.Debug|x86.Build.0 = Dev|x86
		{F0926EAB-40F8-4C6C-BE51-0364F14153E9}.Dev|x86.ActiveCfg = Dev|x86
		{F0926EAB-40F8-4C6C-BE51-0364F14153E9}.Dev|x86.Build.0 = Dev|x86
		{F0926EAB-40F8-4C6C-BE51-0364F14153E9}.Prod|x86.ActiveCfg = Prod|x86
		{F0926EAB-40F8-4C6C-BE51-0364F14153E9}.Prod|x86.Build.0 = Prod|x86
		{F0926EAB-40F8-4C6C-BE51-0364F14153E9}.Stg|x86.ActiveCfg = Stg|x86
		{F0926EAB-40F8-4C6C-BE51-0364F14153E9}.Stg|x86.Build.0 = Stg|x86
		{29683531-5E1B-4267-B187-81FDDFBF9816}.Debug|x86.ActiveCfg = Dev|x86
		{29683531-5E1B-4267-B187-81FDDFBF9816}.Debug|x86.Build.0 = Dev|x86
		{29683531-5E1B-4267-B187-81FDDFBF9816}.Dev|x86.ActiveCfg = Dev|x86
		{29683531-5E1B-4267-B187-81FDDFBF9816}.Dev|x86.Build.0 = Dev|x86
		{29683531-5E1B-4267-B187-81FDDFBF9816}.Prod|x86.ActiveCfg = Prod|x86
		{29683531-5E1B-4267-B187-81FDDFBF9816}.Prod|x86.Build.0 = Prod|x86
		{29683531-5E1B-4267-B187-81FDDFBF9816}.Stg|x86.ActiveCfg = Stg|x86
		{29683531-5E1B-4267-B187-81FDDFBF9816}.Stg|x86.Build.0 = Stg|x86
		{0865349F-EE95-46FE-ADF0-1D94A663CACC}.Debug|x86.ActiveCfg = Dev|x86
		{0865349F-EE95-46FE-ADF0-1D94A663CACC}.Debug|x86.Build.0 = Dev|x86
		{0865349F-EE95-46FE-ADF0-1D94A663CACC}.Dev|x86.ActiveCfg = Dev|x86
		{0865349F-EE95-46FE-ADF0-1D94A663CACC}.Dev|x86.Build.0 = Dev|x86
		{0865349F-EE95-46FE-ADF0-1D94A663CACC}.Prod|x86.ActiveCfg = Prod|x86
		{0865349F-EE95-46FE-ADF0-1D94A663CACC}.Prod|x86.Build.0 = Prod|x86
		{0865349F-EE95-46FE-ADF0-1D94A663CACC}.Stg|x86.ActiveCfg = Stg|x86
		{0865349F-EE95-46FE-ADF0-1D94A663CACC}.Stg|x86.Build.0 = Stg|x86
		{A44C7D3B-8E01-443A-BA0B-DDED9FC7453B}.Debug|x86.ActiveCfg = Dev|x86
		{A44C7D3B-8E01-443A-BA0B-DDED9FC7453B}.Debug|x86.Build.0 = Dev|x86
		{A44C7D3B-8E01-443A-BA0B-DDED9FC7453B}.Dev|x86.ActiveCfg = Dev|x86
		{A44C7D3B-8E01-443A-BA0B-DDED9FC7453B}.Dev|x86.Build.0 = Dev|x86
		{A44C7D3B-8E01-443A-BA0B-DDED9FC7453B}.Prod|x86.ActiveCfg = Prod|x86
		{A44C7D3B-8E01-443A-BA0B-DDED9FC7453B}.Prod|x86.Build.0 = Prod|x86
		{A44C7D3B-8E01-443A-BA0B-DDED9FC7453B}.Stg|x86.ActiveCfg = Stg|x86
		{A44C7D3B-8E01-443A-BA0B-DDED9FC7453B}.Stg|x86.Build.0 = Stg|x86
		{155A8CB5-3334-477F-9199-997C1A257E44}.Debug|x86.ActiveCfg = Dev|x86
		{155A8CB5-3334-477F-9199-997C1A257E44}.Debug|x86.Build.0 = Dev|x86
		{155A8CB5-3334-477F-9199-997C1A257E44}.Dev|x86.ActiveCfg = Dev|x86
		{155A8CB5-3334-477F-9199-997C1A257E44}.Dev|x86.Build.0 = Dev|x86
		{155A8CB5-3334-477F-9199-997C1A257E44}.Prod|x86.ActiveCfg = Prod|x86
		{155A8CB5-3334-477F-9199-997C1A257E44}.Prod|x86.Build.0 = Prod|x86
		{155A8CB5-3334-477F-9199-997C1A257E44}.Stg|x86.ActiveCfg = Stg|x86
		{155A8CB5-3334-477F-9199-997C1A257E44}.Stg|x86.Build.0 = Stg|x86
		{2EFAE91C-B9BB-488D-BDD0-CCC5D339C811}.Debug|x86.ActiveCfg = Dev|x86
		{2EFAE91C-B9BB-488D-BDD0-CCC5D339C811}.Debug|x86.Build.0 = Dev|x86
		{2EFAE91C-B9BB-488D-BDD0-CCC5D339C811}.Dev|x86.ActiveCfg = Dev|x86
		{2EFAE91C-B9BB-488D-BDD0-CCC5D339C811}.Dev|x86.Build.0 = Dev|x86
		{2EFAE91C-B9BB-488D-BDD0-CCC5D339C811}.Prod|x86.ActiveCfg = Prod|x86
		{2EFAE91C-B9BB-488D-BDD0-CCC5D339C811}.Prod|x86.Build.0 = Prod|x86
		{2EFAE91C-B9BB-488D-BDD0-CCC5D339C811}.Stg|x86.ActiveCfg = Stg|x86
		{2EFAE91C-B9BB-488D-BDD0-CCC5D339C811}.Stg|x86.Build.0 = Stg|x86
		{936BC41F-F0E1-43DA-B948-2CD884174113}.Debug|x86.ActiveCfg = Dev|x86
		{936BC41F-F0E1-43DA-B948-2CD884174113}.Debug|x86.Build.0 = Dev|x86
		{936BC41F-F0E1-43DA-B948-2CD884174113}.Dev|x86.ActiveCfg = Dev|x86
		{936BC41F-F0E1-43DA-B948-2CD884174113}.Dev|x86.Build.0 = Dev|x86
		{936BC41F-F0E1-43DA-B948-2CD884174113}.Prod|x86.ActiveCfg = Prod|x86
		{936BC41F-F0E1-43DA-B948-2CD884174113}.Prod|x86.Build.0 = Prod|x86
		{936BC41F-F0E1-43DA-B948-2CD884174113}.Stg|x86.ActiveCfg = Stg|x86
		{936BC41F-F0E1-43DA-B948-2CD884174113}.Stg|x86.Build.0 = Stg|x86
		{5EB85E91-4E2B-4251-9E9D-D0C6E81D7040}.Debug|x86.ActiveCfg = Dev|x86
		{5EB85E91-4E2B-4251-9E9D-D0C6E81D7040}.Debug|x86.Build.0 = Dev|x86
		{5EB85E91-4E2B-4251-9E9D-D0C6E81D7040}.Dev|x86.ActiveCfg = Dev|x86
		{5EB85E91-4E2B-4251-9E9D-D0C6E81D7040}.Dev|x86.Build.0 = Dev|x86
		{5EB85E91-4E2B-4251-9E9D-D0C6E81D7040}.Prod|x86.ActiveCfg = Prod|x86
		{5EB85E91-4E2B-4251-9E9D-D0C6E81D7040}.Prod|x86.Build.0 = Prod|x86
		{5EB85E91-4E2B-4251-9E9D-D0C6E81D7040}.Stg|x86.ActiveCfg = Stg|x86
		{5EB85E91-4E2B-4251-9E9D-D0C6E81D7040}.Stg|x86.Build.0 = Stg|x86
		{D4FCDA95-0FA5-40DB-8065-82EAA21BEB79}.Debug|x86.ActiveCfg = Dev|x86
		{D4FCDA95-0FA5-40DB-8065-82EAA21BEB79}.Debug|x86.Build.0 = Dev|x86
		{D4FCDA95-0FA5-40DB-8065-82EAA21BEB79}.Dev|x86.ActiveCfg = Dev|x86
		{D4FCDA95-0FA5-40DB-8065-82EAA21BEB79}.Dev|x86.Build.0 = Dev|x86
		{D4FCDA95-0FA5-40DB-8065-82EAA21BEB79}.Prod|x86.ActiveCfg = Prod|x86
		{D4FCDA95-0FA5-40DB-8065-82EAA21BEB79}.Prod|x86.Build.0 = Prod|x86
		{D4FCDA95-0FA5-40DB-8065-82EAA21BEB79}.Stg|x86.ActiveCfg = Stg|x86
		{D4FCDA95-0FA5-40DB-8065-82EAA21BEB79}.Stg|x86.Build.0 = Stg|x86
		{E0A6D7AA-4F70-4E1B-B1F8-BFA3D15DB925}.Debug|x86.ActiveCfg = Dev|x86
		{E0A6D7AA-4F70-4E1B-B1F8-BFA3D15DB925}.Debug|x86.Build.0 = Dev|x86
		{E0A6D7AA-4F70-4E1B-B1F8-BFA3D15DB925}.Dev|x86.ActiveCfg = Dev|x86
		{E0A6D7AA-4F70-4E1B-B1F8-BFA3D15DB925}.Dev|x86.Build.0 = Dev|x86
		{E0A6D7AA-4F70-4E1B-B1F8-BFA3D15DB925}.Prod|x86.ActiveCfg = Prod|x86
		{E0A6D7AA-4F70-4E1B-B1F8-BFA3D15DB925}.Prod|x86.Build.0 = Prod|x86
		{E0A6D7AA-4F70-4E1B-B1F8-BFA3D15DB925}.Stg|x86.ActiveCfg = Stg|x86
		{E0A6D7AA-4F70-4E1B-B1F8-BFA3D15DB925}.Stg|x86.Build.0 = Stg|x86
	EndGlobalSection
	GlobalSection(SolutionProperties) = preSolution
		HideSolutionNode = FALSE
	EndGlobalSection
	GlobalSection(NestedProjects) = preSolution
		{936BC41F-F0E1-43DA-B948-2CD884174113} = {1F735136-8CDC-44A3-B8FF-5FA0E45DDD3B}
		{5EB85E91-4E2B-4251-9E9D-D0C6E81D7040} = {1F735136-8CDC-44A3-B8FF-5FA0E45DDD3B}
		{D4FCDA95-0FA5-40DB-8065-82EAA21BEB79} = {86D3CFB6-AF0A-42D0-ADC9-166DE6A2515A}
		{E0A6D7AA-4F70-4E1B-B1F8-BFA3D15DB925} = {86D3CFB6-AF0A-42D0-ADC9-166DE6A2515A}
	EndGlobalSection
EndGlobal
